# This file is automatically @generated by Cargo.
# It is not intended for manual editing.
version = 3

[[package]]
name = "ansi_term"
version = "0.12.1"
source = "registry+https://github.com/rust-lang/crates.io-index"
checksum = "d52a9bb7ec0cf484c551830a7ce27bd20d67eac647e1befb56b0be4ee39a55d2"
dependencies = [
 "winapi",
]

[[package]]
name = "anyhow"
version = "1.0.65"
source = "registry+https://github.com/rust-lang/crates.io-index"
checksum = "98161a4e3e2184da77bb14f02184cdd111e83bbbcc9979dfee3c44b9a85f5602"

[[package]]
name = "atty"
version = "0.2.14"
source = "registry+https://github.com/rust-lang/crates.io-index"
checksum = "d9b39be18770d11421cdb1b9947a45dd3f37e93092cbf377614828a319d5fee8"
dependencies = [
 "hermit-abi",
 "libc",
 "winapi",
]

[[package]]
name = "autocfg"
version = "1.1.0"
source = "registry+https://github.com/rust-lang/crates.io-index"
checksum = "d468802bab17cbc0cc575e9b053f41e72aa36bfa6b7f55e3529ffa43161b97fa"

[[package]]
name = "bitflags"
version = "1.3.2"
source = "registry+https://github.com/rust-lang/crates.io-index"
checksum = "bef38d45163c2f1dde094a7dfd33ccf595c92905c8f8f4fdc18d06fb1037718a"

[[package]]
name = "block-buffer"
version = "0.10.3"
source = "registry+https://github.com/rust-lang/crates.io-index"
checksum = "69cce20737498f97b993470a6e536b8523f0af7892a4f928cceb1ac5e52ebe7e"
dependencies = [
 "generic-array",
]

[[package]]
name = "bumpalo"
version = "3.11.0"
source = "registry+https://github.com/rust-lang/crates.io-index"
checksum = "c1ad822118d20d2c234f427000d5acc36eabe1e29a348c89b63dd60b13f28e5d"

[[package]]
name = "byteorder"
version = "1.4.3"
source = "registry+https://github.com/rust-lang/crates.io-index"
checksum = "14c189c53d098945499cdfa7ecc63567cf3886b3332b312a5b4585d8d3a6a610"

[[package]]
name = "bytes"
version = "1.2.1"
source = "registry+https://github.com/rust-lang/crates.io-index"
checksum = "ec8a7b6a70fde80372154c65702f00a0f56f3e1c36abbc6c440484be248856db"

[[package]]
name = "cc"
version = "1.0.73"
source = "registry+https://github.com/rust-lang/crates.io-index"
checksum = "2fff2a6927b3bb87f9595d67196a70493f627687a71d87a0d692242c33f58c11"

[[package]]
name = "cfg-if"
version = "1.0.0"
source = "registry+https://github.com/rust-lang/crates.io-index"
checksum = "baf1de4339761588bc0619e3cbc0120ee582ebb74b53b4efbf79117bd2da40fd"

[[package]]
name = "clap"
version = "3.2.22"
source = "registry+https://github.com/rust-lang/crates.io-index"
checksum = "86447ad904c7fb335a790c9d7fe3d0d971dc523b8ccd1561a520de9a85302750"
dependencies = [
 "atty",
 "bitflags",
 "clap_derive",
 "clap_lex",
 "indexmap",
 "once_cell",
 "strsim",
 "termcolor",
 "textwrap",
]

[[package]]
name = "clap_derive"
version = "3.2.18"
source = "registry+https://github.com/rust-lang/crates.io-index"
checksum = "ea0c8bce528c4be4da13ea6fead8965e95b6073585a2f05204bd8f4119f82a65"
dependencies = [
 "heck",
 "proc-macro-error",
 "proc-macro2",
 "quote",
 "syn",
]

[[package]]
name = "clap_lex"
version = "0.2.4"
source = "registry+https://github.com/rust-lang/crates.io-index"
checksum = "2850f2f5a82cbf437dd5af4d49848fbdfc27c157c3d010345776f952765261c5"
dependencies = [
 "os_str_bytes",
]

[[package]]
name = "cpufeatures"
version = "0.2.5"
source = "registry+https://github.com/rust-lang/crates.io-index"
checksum = "28d997bd5e24a5928dd43e46dc529867e207907fe0b239c3477d924f7f2ca320"
dependencies = [
 "libc",
]

[[package]]
name = "crypto-common"
version = "0.1.6"
source = "registry+https://github.com/rust-lang/crates.io-index"
checksum = "1bfb12502f3fc46cca1bb51ac28df9d618d813cdc3d2f25b9fe775a34af26bb3"
dependencies = [
 "generic-array",
 "typenum",
]

[[package]]
name = "digest"
version = "0.10.5"
source = "registry+https://github.com/rust-lang/crates.io-index"
checksum = "adfbc57365a37acbd2ebf2b64d7e69bb766e2fea813521ed536f5d0520dcf86c"
dependencies = [
 "block-buffer",
 "crypto-common",
 "subtle",
]

[[package]]
name = "fxhash"
version = "0.2.1"
source = "registry+https://github.com/rust-lang/crates.io-index"
checksum = "c31b6d751ae2c7f11320402d34e41349dd1016f8d5d45e48c4312bc8625af50c"
dependencies = [
 "byteorder",
]

[[package]]
name = "generic-array"
version = "0.14.6"
source = "registry+https://github.com/rust-lang/crates.io-index"
checksum = "bff49e947297f3312447abdca79f45f4738097cc82b06e72054d2223f601f1b9"
dependencies = [
 "typenum",
 "version_check",
]

[[package]]
name = "hashbrown"
version = "0.12.3"
source = "registry+https://github.com/rust-lang/crates.io-index"
checksum = "8a9ee70c43aaf417c914396645a0fa852624801b24ebb7ae78fe8272889ac888"

[[package]]
name = "heck"
version = "0.4.0"
source = "registry+https://github.com/rust-lang/crates.io-index"
checksum = "2540771e65fc8cb83cd6e8a237f70c319bd5c29f78ed1084ba5d50eeac86f7f9"

[[package]]
name = "hermit-abi"
version = "0.1.19"
source = "registry+https://github.com/rust-lang/crates.io-index"
checksum = "62b467343b94ba476dcb2500d242dadbb39557df889310ac77c5d99100aaac33"
dependencies = [
 "libc",
]

[[package]]
name = "hmac"
version = "0.12.1"
source = "registry+https://github.com/rust-lang/crates.io-index"
checksum = "6c49c37c09c17a53d937dfbb742eb3a961d65a994e6bcdcf37e7399d0cc8ab5e"
dependencies = [
 "digest",
]

[[package]]
name = "indexmap"
version = "1.9.1"
source = "registry+https://github.com/rust-lang/crates.io-index"
checksum = "10a35a97730320ffe8e2d410b5d3b69279b98d2c14bdb8b70ea89ecf7888d41e"
dependencies = [
 "autocfg",
 "hashbrown",
]

[[package]]
name = "io-uring"
version = "0.5.6"
source = "registry+https://github.com/rust-lang/crates.io-index"
checksum = "5a645fd8e7048c2f54050f7d0d4de8f624ada437e043bc7d72609bd08d70120b"
dependencies = [
 "bitflags",
 "libc",
]

[[package]]
name = "js-sys"
version = "0.3.60"
source = "registry+https://github.com/rust-lang/crates.io-index"
checksum = "49409df3e3bf0856b916e2ceaca09ee28e6871cf7d9ce97a692cacfdb2a25a47"
dependencies = [
 "wasm-bindgen",
]

[[package]]
name = "lazy_static"
version = "1.4.0"
source = "registry+https://github.com/rust-lang/crates.io-index"
checksum = "e2abad23fbc42b3700f2f279844dc832adb2b2eb069b2df918f455c4e18cc646"

[[package]]
name = "libc"
version = "0.2.134"
source = "registry+https://github.com/rust-lang/crates.io-index"
checksum = "329c933548736bc49fd575ee68c89e8be4d260064184389a5b77517cddd99ffb"

[[package]]
name = "log"
version = "0.4.17"
source = "registry+https://github.com/rust-lang/crates.io-index"
checksum = "abb12e687cfb44aa40f41fc3978ef76448f9b6038cad6aef4259d3c095a2382e"
dependencies = [
 "cfg-if",
]

[[package]]
name = "matchers"
version = "0.1.0"
source = "registry+https://github.com/rust-lang/crates.io-index"
checksum = "8263075bb86c5a1b1427b5ae862e8889656f126e9f77c484496e8b47cf5c5558"
dependencies = [
 "regex-automata",
]

[[package]]
name = "memoffset"
version = "0.6.5"
source = "registry+https://github.com/rust-lang/crates.io-index"
checksum = "5aa361d4faea93603064a027415f07bd8e1d5c88c9fbf68bf56a285428fd79ce"
dependencies = [
 "autocfg",
]

[[package]]
name = "mio"
version = "0.8.4"
source = "registry+https://github.com/rust-lang/crates.io-index"
checksum = "57ee1c23c7c63b0c9250c339ffdc69255f110b298b901b9f6c82547b7b87caaf"
dependencies = [
 "libc",
 "log",
 "wasi",
 "windows-sys",
]

[[package]]
name = "monoio"
version = "0.0.8"
source = "registry+https://github.com/rust-lang/crates.io-index"
checksum = "c99942998d5959cbfc79c9a847fd6d6270f16b02d99b2f79e05a8d7801b264b3"
dependencies = [
 "bytes",
 "fxhash",
 "io-uring",
 "libc",
 "mio",
 "monoio-macros",
 "nix",
 "pin-project-lite",
 "scoped-tls",
 "socket2",
 "windows",
]

[[package]]
name = "monoio-macros"
version = "0.0.3"
source = "registry+https://github.com/rust-lang/crates.io-index"
checksum = "c85c9d2114c190b1ec18da29bfbe399a95d81657633b0d2333d4084515aa9f95"
dependencies = [
 "proc-macro2",
 "quote",
 "syn",
]

[[package]]
name = "monoio-rustls"
version = "0.0.6"
source = "registry+https://github.com/rust-lang/crates.io-index"
checksum = "bf94b76cbe62caf13e280bb79970ce60d8f6b7ff8740737f67338e3f6122429a"
dependencies = [
 "bytes",
 "monoio",
 "rustls",
 "thiserror",
]

[[package]]
name = "nix"
version = "0.25.0"
source = "registry+https://github.com/rust-lang/crates.io-index"
checksum = "e322c04a9e3440c327fca7b6c8a63e6890a32fa2ad689db972425f07e0d22abb"
dependencies = [
 "autocfg",
 "bitflags",
 "cfg-if",
 "libc",
 "memoffset",
 "pin-utils",
]

[[package]]
name = "once_cell"
version = "1.15.0"
source = "registry+https://github.com/rust-lang/crates.io-index"
checksum = "e82dad04139b71a90c080c8463fe0dc7902db5192d939bd0950f074d014339e1"

[[package]]
name = "os_str_bytes"
version = "6.3.0"
source = "registry+https://github.com/rust-lang/crates.io-index"
checksum = "9ff7415e9ae3fff1225851df9e0d9e4e5479f947619774677a63572e55e80eff"

[[package]]
name = "pin-project-lite"
version = "0.2.9"
source = "registry+https://github.com/rust-lang/crates.io-index"
checksum = "e0a7ae3ac2f1173085d398531c705756c94a4c56843785df85a60c1a0afac116"

[[package]]
name = "pin-utils"
version = "0.1.0"
source = "registry+https://github.com/rust-lang/crates.io-index"
checksum = "8b870d8c151b6f2fb93e84a13146138f05d02ed11c7e7c54f8826aaaf7c9f184"

[[package]]
name = "proc-macro-error"
version = "1.0.4"
source = "registry+https://github.com/rust-lang/crates.io-index"
checksum = "da25490ff9892aab3fcf7c36f08cfb902dd3e71ca0f9f9517bea02a73a5ce38c"
dependencies = [
 "proc-macro-error-attr",
 "proc-macro2",
 "quote",
 "syn",
 "version_check",
]

[[package]]
name = "proc-macro-error-attr"
version = "1.0.4"
source = "registry+https://github.com/rust-lang/crates.io-index"
checksum = "a1be40180e52ecc98ad80b184934baf3d0d29f979574e439af5a55274b35f869"
dependencies = [
 "proc-macro2",
 "quote",
 "version_check",
]

[[package]]
name = "proc-macro2"
version = "1.0.46"
source = "registry+https://github.com/rust-lang/crates.io-index"
checksum = "94e2ef8dbfc347b10c094890f778ee2e36ca9bb4262e86dc99cd217e35f3470b"
dependencies = [
 "unicode-ident",
]

[[package]]
name = "quote"
version = "1.0.21"
source = "registry+https://github.com/rust-lang/crates.io-index"
checksum = "bbe448f377a7d6961e30f5955f9b8d106c3f5e449d493ee1b125c1d43c2b5179"
dependencies = [
 "proc-macro2",
]

[[package]]
name = "regex"
version = "1.6.0"
source = "registry+https://github.com/rust-lang/crates.io-index"
checksum = "4c4eb3267174b8c6c2f654116623910a0fef09c4753f8dd83db29c48a0df988b"
dependencies = [
 "regex-syntax",
]

[[package]]
name = "regex-automata"
version = "0.1.10"
source = "registry+https://github.com/rust-lang/crates.io-index"
checksum = "6c230d73fb8d8c1b9c0b3135c5142a8acee3a0558fb8db5cf1cb65f8d7862132"
dependencies = [
 "regex-syntax",
]

[[package]]
name = "regex-syntax"
version = "0.6.27"
source = "registry+https://github.com/rust-lang/crates.io-index"
checksum = "a3f87b73ce11b1619a3c6332f45341e0047173771e8b8b73f87bfeefb7b56244"

[[package]]
name = "ring"
version = "0.16.20"
source = "registry+https://github.com/rust-lang/crates.io-index"
checksum = "3053cf52e236a3ed746dfc745aa9cacf1b791d846bdaf412f60a8d7d6e17c8fc"
dependencies = [
 "cc",
 "libc",
 "once_cell",
 "spin",
 "untrusted",
 "web-sys",
 "winapi",
]

[[package]]
name = "rustls"
version = "0.20.6"
source = "registry+https://github.com/rust-lang/crates.io-index"
checksum = "5aab8ee6c7097ed6057f43c187a62418d0c05a4bd5f18b3571db50ee0f9ce033"
dependencies = [
 "log",
 "ring",
 "sct",
 "webpki",
]

[[package]]
name = "scoped-tls"
version = "1.0.0"
source = "registry+https://github.com/rust-lang/crates.io-index"
checksum = "ea6a9290e3c9cf0f18145ef7ffa62d68ee0bf5fcd651017e586dc7fd5da448c2"

[[package]]
name = "sct"
version = "0.7.0"
source = "registry+https://github.com/rust-lang/crates.io-index"
checksum = "d53dcdb7c9f8158937a7981b48accfd39a43af418591a5d008c7b22b5e1b7ca4"
dependencies = [
 "ring",
 "untrusted",
]

[[package]]
name = "sha1"
version = "0.10.5"
source = "registry+https://github.com/rust-lang/crates.io-index"
checksum = "f04293dc80c3993519f2d7f6f511707ee7094fe0c6d3406feb330cdb3540eba3"
dependencies = [
 "cfg-if",
 "cpufeatures",
 "digest",
]

[[package]]
name = "shadow-tls"
version = "0.2.1"
dependencies = [
 "anyhow",
 "clap",
 "hmac",
 "monoio",
 "monoio-rustls",
 "pin-project-lite",
 "rustls",
 "sha1",
 "tracing",
 "tracing-subscriber",
 "webpki-roots",
]

[[package]]
name = "sharded-slab"
version = "0.1.4"
source = "registry+https://github.com/rust-lang/crates.io-index"
checksum = "900fba806f70c630b0a382d0d825e17a0f19fcd059a2ade1ff237bcddf446b31"
dependencies = [
 "lazy_static",
]

[[package]]
name = "smallvec"
version = "1.9.0"
source = "registry+https://github.com/rust-lang/crates.io-index"
checksum = "2fd0db749597d91ff862fd1d55ea87f7855a744a8425a64695b6fca237d1dad1"

[[package]]
name = "socket2"
version = "0.4.7"
source = "registry+https://github.com/rust-lang/crates.io-index"
checksum = "02e2d2db9033d13a1567121ddd7a095ee144db4e1ca1b1bda3419bc0da294ebd"
dependencies = [
 "libc",
 "winapi",
]

[[package]]
name = "spin"
version = "0.5.2"
source = "registry+https://github.com/rust-lang/crates.io-index"
checksum = "6e63cff320ae2c57904679ba7cb63280a3dc4613885beafb148ee7bf9aa9042d"

[[package]]
name = "strsim"
version = "0.10.0"
source = "registry+https://github.com/rust-lang/crates.io-index"
checksum = "73473c0e59e6d5812c5dfe2a064a6444949f089e20eec9a2e5506596494e4623"

[[package]]
name = "subtle"
version = "2.4.1"
source = "registry+https://github.com/rust-lang/crates.io-index"
checksum = "6bdef32e8150c2a081110b42772ffe7d7c9032b606bc226c8260fd97e0976601"

[[package]]
name = "syn"
version = "1.0.101"
source = "registry+https://github.com/rust-lang/crates.io-index"
checksum = "e90cde112c4b9690b8cbe810cba9ddd8bc1d7472e2cae317b69e9438c1cba7d2"
dependencies = [
 "proc-macro2",
 "quote",
 "unicode-ident",
]

[[package]]
name = "termcolor"
version = "1.1.3"
source = "registry+https://github.com/rust-lang/crates.io-index"
checksum = "bab24d30b911b2376f3a13cc2cd443142f0c81dda04c118693e35b3835757755"
dependencies = [
 "winapi-util",
]

[[package]]
name = "textwrap"
version = "0.15.1"
source = "registry+https://github.com/rust-lang/crates.io-index"
checksum = "949517c0cf1bf4ee812e2e07e08ab448e3ae0d23472aee8a06c985f0c8815b16"

[[package]]
name = "thiserror"
version = "1.0.37"
source = "registry+https://github.com/rust-lang/crates.io-index"
checksum = "10deb33631e3c9018b9baf9dcbbc4f737320d2b576bac10f6aefa048fa407e3e"
dependencies = [
 "thiserror-impl",
]

[[package]]
name = "thiserror-impl"
version = "1.0.37"
source = "registry+https://github.com/rust-lang/crates.io-index"
checksum = "982d17546b47146b28f7c22e3d08465f6b8903d0ea13c1660d9d84a6e7adcdbb"
dependencies = [
 "proc-macro2",
 "quote",
 "syn",
]

[[package]]
name = "thread_local"
version = "1.1.4"
source = "registry+https://github.com/rust-lang/crates.io-index"
checksum = "5516c27b78311c50bf42c071425c560ac799b11c30b31f87e3081965fe5e0180"
dependencies = [
 "once_cell",
]

[[package]]
name = "tracing"
version = "0.1.36"
source = "registry+https://github.com/rust-lang/crates.io-index"
checksum = "2fce9567bd60a67d08a16488756721ba392f24f29006402881e43b19aac64307"
dependencies = [
 "cfg-if",
 "pin-project-lite",
 "tracing-attributes",
 "tracing-core",
]

[[package]]
name = "tracing-attributes"
version = "0.1.22"
source = "registry+https://github.com/rust-lang/crates.io-index"
checksum = "11c75893af559bc8e10716548bdef5cb2b983f8e637db9d0e15126b61b484ee2"
dependencies = [
 "proc-macro2",
 "quote",
 "syn",
]

[[package]]
name = "tracing-core"
version = "0.1.29"
source = "registry+https://github.com/rust-lang/crates.io-index"
checksum = "5aeea4303076558a00714b823f9ad67d58a3bbda1df83d8827d21193156e22f7"
dependencies = [
 "once_cell",
 "valuable",
]

[[package]]
name = "tracing-log"
version = "0.1.3"
source = "registry+https://github.com/rust-lang/crates.io-index"
checksum = "78ddad33d2d10b1ed7eb9d1f518a5674713876e97e5bb9b7345a7984fbb4f922"
dependencies = [
 "lazy_static",
 "log",
 "tracing-core",
]

[[package]]
name = "tracing-subscriber"
version = "0.3.15"
source = "registry+https://github.com/rust-lang/crates.io-index"
checksum = "60db860322da191b40952ad9affe65ea23e7dd6a5c442c2c42865810c6ab8e6b"
dependencies = [
 "ansi_term",
 "matchers",
 "once_cell",
 "regex",
 "sharded-slab",
 "smallvec",
 "thread_local",
 "tracing",
 "tracing-core",
 "tracing-log",
]

[[package]]
name = "typenum"
version = "1.15.0"
source = "registry+https://github.com/rust-lang/crates.io-index"
checksum = "dcf81ac59edc17cc8697ff311e8f5ef2d99fcbd9817b34cec66f90b6c3dfd987"

[[package]]
name = "unicode-ident"
version = "1.0.4"
source = "registry+https://github.com/rust-lang/crates.io-index"
checksum = "dcc811dc4066ac62f84f11307873c4850cb653bfa9b1719cee2bd2204a4bc5dd"

[[package]]
name = "untrusted"
version = "0.7.1"
source = "registry+https://github.com/rust-lang/crates.io-index"
checksum = "a156c684c91ea7d62626509bce3cb4e1d9ed5c4d978f7b4352658f96a4c26b4a"

[[package]]
name = "valuable"
version = "0.1.0"
source = "registry+https://github.com/rust-lang/crates.io-index"
checksum = "830b7e5d4d90034032940e4ace0d9a9a057e7a45cd94e6c007832e39edb82f6d"

[[package]]
name = "version_check"
version = "0.9.4"
source = "registry+https://github.com/rust-lang/crates.io-index"
checksum = "49874b5167b65d7193b8aba1567f5c7d93d001cafc34600cee003eda787e483f"

[[package]]
name = "wasi"
version = "0.11.0+wasi-snapshot-preview1"
source = "registry+https://github.com/rust-lang/crates.io-index"
checksum = "9c8d87e72b64a3b4db28d11ce29237c246188f4f51057d65a7eab63b7987e423"

[[package]]
name = "wasm-bindgen"
version = "0.2.83"
source = "registry+https://github.com/rust-lang/crates.io-index"
checksum = "eaf9f5aceeec8be17c128b2e93e031fb8a4d469bb9c4ae2d7dc1888b26887268"
dependencies = [
 "cfg-if",
 "wasm-bindgen-macro",
]

[[package]]
name = "wasm-bindgen-backend"
version = "0.2.83"
source = "registry+https://github.com/rust-lang/crates.io-index"
checksum = "4c8ffb332579b0557b52d268b91feab8df3615f265d5270fec2a8c95b17c1142"
dependencies = [
 "bumpalo",
 "log",
 "once_cell",
 "proc-macro2",
 "quote",
 "syn",
 "wasm-bindgen-shared",
]

[[package]]
name = "wasm-bindgen-macro"
version = "0.2.83"
source = "registry+https://github.com/rust-lang/crates.io-index"
checksum = "052be0f94026e6cbc75cdefc9bae13fd6052cdcaf532fa6c45e7ae33a1e6c810"
dependencies = [
 "quote",
 "wasm-bindgen-macro-support",
]

[[package]]
name = "wasm-bindgen-macro-support"
version = "0.2.83"
source = "registry+https://github.com/rust-lang/crates.io-index"
checksum = "07bc0c051dc5f23e307b13285f9d75df86bfdf816c5721e573dec1f9b8aa193c"
dependencies = [
 "proc-macro2",
 "quote",
 "syn",
 "wasm-bindgen-backend",
 "wasm-bindgen-shared",
]

[[package]]
name = "wasm-bindgen-shared"
version = "0.2.83"
source = "registry+https://github.com/rust-lang/crates.io-index"
checksum = "1c38c045535d93ec4f0b4defec448e4291638ee608530863b1e2ba115d4fff7f"

[[package]]
name = "web-sys"
version = "0.3.60"
source = "registry+https://github.com/rust-lang/crates.io-index"
checksum = "bcda906d8be16e728fd5adc5b729afad4e444e106ab28cd1c7256e54fa61510f"
dependencies = [
 "js-sys",
 "wasm-bindgen",
]

[[package]]
name = "webpki"
version = "0.22.0"
source = "registry+https://github.com/rust-lang/crates.io-index"
checksum = "f095d78192e208183081cc07bc5515ef55216397af48b873e5edcd72637fa1bd"
dependencies = [
 "ring",
 "untrusted",
]

[[package]]
name = "webpki-roots"
version = "0.22.5"
source = "registry+https://github.com/rust-lang/crates.io-index"
checksum = "368bfe657969fb01238bb756d351dcade285e0f6fcbd36dcb23359a5169975be"
dependencies = [
 "webpki",
]

[[package]]
name = "winapi"
version = "0.3.9"
source = "registry+https://github.com/rust-lang/crates.io-index"
checksum = "5c839a674fcd7a98952e593242ea400abe93992746761e38641405d28b00f419"
dependencies = [
 "winapi-i686-pc-windows-gnu",
 "winapi-x86_64-pc-windows-gnu",
]

[[package]]
name = "winapi-i686-pc-windows-gnu"
version = "0.4.0"
source = "registry+https://github.com/rust-lang/crates.io-index"
checksum = "ac3b87c63620426dd9b991e5ce0329eff545bccbbb34f3be09ff6fb6ab51b7b6"

[[package]]
name = "winapi-util"
version = "0.1.5"
source = "registry+https://github.com/rust-lang/crates.io-index"
checksum = "70ec6ce85bb158151cae5e5c87f95a8e97d2c0c4b001223f33a334e3ce5de178"
dependencies = [
 "winapi",
]

[[package]]
name = "winapi-x86_64-pc-windows-gnu"
version = "0.4.0"
source = "registry+https://github.com/rust-lang/crates.io-index"
checksum = "712e227841d057c1ee1cd2fb22fa7e5a5461ae8e48fa2ca79ec42cfc1931183f"

[[package]]
name = "windows"
version = "0.40.0"
source = "registry+https://github.com/rust-lang/crates.io-index"
checksum = "e30acc718a52fb130fec72b1cb5f55ffeeec9253e1b785e94db222178a6acaa1"
dependencies = [
 "windows_aarch64_gnullvm",
 "windows_aarch64_msvc 0.40.0",
 "windows_i686_gnu 0.40.0",
 "windows_i686_msvc 0.40.0",
 "windows_x86_64_gnu 0.40.0",
 "windows_x86_64_gnullvm",
 "windows_x86_64_msvc 0.40.0",
]

[[package]]
name = "windows-sys"
version = "0.36.1"
source = "registry+https://github.com/rust-lang/crates.io-index"
checksum = "ea04155a16a59f9eab786fe12a4a450e75cdb175f9e0d80da1e17db09f55b8d2"
dependencies = [
 "windows_aarch64_msvc 0.36.1",
 "windows_i686_gnu 0.36.1",
 "windows_i686_msvc 0.36.1",
 "windows_x86_64_gnu 0.36.1",
 "windows_x86_64_msvc 0.36.1",
]

[[package]]
name = "windows_aarch64_gnullvm"
version = "0.40.0"
source = "registry+https://github.com/rust-lang/crates.io-index"
checksum = "f3caa4a1a16561b714323ca6b0817403738583033a6a92e04c5d10d4ba37ca10"

[[package]]
name = "windows_aarch64_msvc"
version = "0.36.1"
source = "registry+https://github.com/rust-lang/crates.io-index"
checksum = "9bb8c3fd39ade2d67e9874ac4f3db21f0d710bee00fe7cab16949ec184eeaa47"

[[package]]
name = "windows_aarch64_msvc"
version = "0.40.0"
source = "registry+https://github.com/rust-lang/crates.io-index"
checksum = "328973c62dfcc50fb1aaa8e7100676e0b642fe56bac6bafff3327902db843ab4"

[[package]]
name = "windows_i686_gnu"
version = "0.36.1"
source = "registry+https://github.com/rust-lang/crates.io-index"
checksum = "180e6ccf01daf4c426b846dfc66db1fc518f074baa793aa7d9b9aaeffad6a3b6"

[[package]]
name = "windows_i686_gnu"
version = "0.40.0"
source = "registry+https://github.com/rust-lang/crates.io-index"
checksum = "aa5b09fad70f0df85dea2ac2a525537e415e2bf63ee31cf9b8e263645ee9f3c1"

[[package]]
name = "windows_i686_msvc"
version = "0.36.1"
source = "registry+https://github.com/rust-lang/crates.io-index"
checksum = "e2e7917148b2812d1eeafaeb22a97e4813dfa60a3f8f78ebe204bcc88f12f024"

[[package]]
name = "windows_i686_msvc"
version = "0.40.0"
source = "registry+https://github.com/rust-lang/crates.io-index"
checksum = "2a1ad4031c1a98491fa195d8d43d7489cb749f135f2e5c4eed58da094bd0d876"

[[package]]
name = "windows_x86_64_gnu"
version = "0.36.1"
source = "registry+https://github.com/rust-lang/crates.io-index"
checksum = "4dcd171b8776c41b97521e5da127a2d86ad280114807d0b2ab1e462bc764d9e1"

[[package]]
name = "windows_x86_64_gnu"
version = "0.40.0"
source = "registry+https://github.com/rust-lang/crates.io-index"
checksum = "520ff37edd72da8064b49d2281182898e17f0688ae9f4070bca27e4b5c162ac7"

[[package]]
name = "windows_x86_64_gnullvm"
version = "0.40.0"
source = "registry+https://github.com/rust-lang/crates.io-index"
checksum = "046e5b82215102c44fd75f488f1b9158973d02aa34d06ed85c23d6f5520a2853"

[[package]]
name = "windows_x86_64_msvc"
version = "0.36.1"
source = "registry+https://github.com/rust-lang/crates.io-index"
checksum = "c811ca4a8c853ef420abd8592ba53ddbbac90410fab6903b3e79972a631f7680"

[[package]]
name = "windows_x86_64_msvc"
version = "0.40.0"
source = "registry+https://github.com/rust-lang/crates.io-index"
checksum = "2a0c9c6df55dd1bfa76e131cef44bdd8ec9c819ef3611f04dfe453fd5bfeda28"
